
Microsoft Visual Studio Solution File, Format Version 10.00
# Visual Studio 2008
Project("{8BC9CEB8-8B4A-11D0-8D11-00A0C91BC942}") = "FTP_CLIENT", "FTP_CLIENT\FTP_CLIENT.vcproj", "{F822C1FF-F735-4329-A21D-FDB945434916}"
EndProject
Global
	GlobalSection(SolutionConfigurationPlatforms) = preSolution
		Debug|Win32 = Debug|Win32
		Release|Win32 = Release|Win32
	EndGlobalSection
	GlobalSection(ProjectConfigurationPlatforms) = postSolution
		{F822C1FF-F735-4329-A21D-FDB945434916}.Debug|Win32.ActiveCfg = Debug|Win32
		{F822C1FF-F735-4329-A21D-FDB945434916}.Debug|Win32.Build.0 = Debug|Win32
		{F822C1FF-F735-4329-A21D-FDB945434916}.Release|Win32.ActiveCfg = Release|Win32
		{F822C1FF-F735-4329-A21D-FDB945434916}.Release|Win32.Build.0 = Release|Win32
	EndGlobalSection
	GlobalSection(SolutionProperties) = preSolution
		HideSolutionNode = FALSE
	EndGlobalSection
EndGlobal
